{
  "name": "bs-axios",
  "version": "0.0.43",
  "lockfileVersion": 1,
  "requires": true,
  "dependencies": {
    "axios": {
      "version": "0.20.0",
      "resolved": "https://registry.npmjs.org/axios/-/axios-0.20.0.tgz",
      "integrity": "sha512-ANA4rr2BDcmmAQLOKft2fufrtuvlqR+cXNNinUmvfeSNCOF98PZL+7M/v1zIdGo7OLjEA9J2gXJL+j4zGsl0bA==",
      "requires": {
        "follow-redirects": "^1.10.0"
      }
    },
    "bs-platform": {
      "version": "7.3.1",
      "resolved": "https://registry.npmjs.org/bs-platform/-/bs-platform-7.3.1.tgz",
      "integrity": "sha512-RlQexm6i2gMKsfuHL8IcOHN0R/SQgxiurP96fo2nj71QgQQRh332ahOwIl0p0yNl9DH2Tg7ZV2pjG6MMMkaU6w==",
      "dev": true
    },
    "follow-redirects": {
      "version": "1.13.0",
      "resolved": "https://registry.npmjs.org/follow-redirects/-/follow-redirects-1.13.0.tgz",
      "integrity": "sha512-aq6gF1BEKje4a9i9+5jimNFIpq4Q1WiwBToeRK5NvZBd/TRsmW8BsJfOEGkr76TbOyPVD3OVDN910EcUNtRYEA=="
    },
    "prettier": {
      "version": "2.0.4",
      "resolved": "https://registry.npmjs.org/prettier/-/prettier-2.0.4.tgz",
      "integrity": "sha512-SVJIQ51spzFDvh4fIbCLvciiDMCrRhlN3mbZvv/+ycjvmF5E73bKdGfU8QDLNmjYJf+lsGnDBC4UUnvTe5OO0w==",
      "dev": true
    }
  }
}
