# THIS IS AN AUTOGENERATED FILE. DO NOT EDIT THIS FILE DIRECTLY.
# yarn lockfile v1


axios@^0.17.0:
  version "0.17.0"
  resolved "https://registry.yarnpkg.com/axios/-/axios-0.17.0.tgz#7da747916db803f761651d6091d708789b953c6a"
  dependencies:
    follow-redirects "^1.2.3"
    is-buffer "^1.1.5"

bs-platform@^2.0.0:
  version "2.0.0"
  resolved "https://registry.yarnpkg.com/bs-platform/-/bs-platform-2.0.0.tgz#17ee607fa829f67b8b920438ebca5ec1deab3276"

debug@^2.4.5:
  version "2.6.8"
  resolved "https://registry.yarnpkg.com/debug/-/debug-2.6.8.tgz#e731531ca2ede27d188222427da17821d68ff4fc"
  dependencies:
    ms "2.0.0"

follow-redirects@^1.2.3:
  version "1.2.3"
  resolved "https://registry.yarnpkg.com/follow-redirects/-/follow-redirects-1.2.3.tgz#01abaeca85e3609837d9fcda3167a7e42fdaca21"
  dependencies:
    debug "^2.4.5"

is-buffer@^1.1.5:
  version "1.1.6"
  resolved "https://registry.yarnpkg.com/is-buffer/-/is-buffer-1.1.6.tgz#efaa2ea9daa0d7ab2ea13a97b2b8ad51fefbe8be"

ms@2.0.0:
  version "2.0.0"
  resolved "https://registry.yarnpkg.com/ms/-/ms-2.0.0.tgz#5608aeadfc00be6c2901df5f9861788de0d597c8"

prettier@^1.8.1:
  version "1.8.1"
  resolved "https://registry.yarnpkg.com/prettier/-/prettier-1.8.1.tgz#91064d778c08c85ac1cbe6b23195c34310d039f9"
